PODS:
  - Alamofire (4.6.0)
  - AWSCore (2.6.12)
  - AWSS3 (2.6.12):
    - AWSCore (= 2.6.12)
  - MapsyncLib (0.1.2):
    - Alamofire (~> 4.6.0)
    - AWSS3 (~> 2.6.10)
    - SwiftHash
    - SwiftyJSON (~> 4.0.0)
  - SwiftHash (2.0.1)
  - SwiftyJSON (4.0.0)

DEPENDENCIES:
  - MapsyncLib (from `./MapsyncLib.podspec`)

EXTERNAL SOURCES:
  MapsyncLib:
    :podspec: ./MapsyncLib.podspec

SPEC CHECKSUMS:
  Alamofire: f41a599bd63041760b26d393ec1069d9d7b917f4
  AWSCore: d0d6e4f6831754aaf98058d2306a016ae71510fe
  AWSS3: c35608e0cdd5172f9e1d943221fd5fde01c5f749
  MapsyncLib: 15fb7599447d3dbba40ef8374ff88d202bcdd941
  SwiftHash: c805de5a434eacfa0dac7210745a50c55d7fe33d
  SwiftyJSON: 070dabdcb1beb81b247c65ffa3a79dbbfb3b48aa

PODFILE CHECKSUM: cb7a938f34c2fdb408a61c5ccc8be3f270eca26f

COCOAPODS: 1.4.0
